
Microsoft Visual Studio Solution File, Format Version 12.00
Project("{FAE04EC0-301F-11D3-BF4B-00C04F79EFBC}") = "Course01", "Course01\Course01.csproj", "{9A6754E0-9211-4F16-952C-9A58A63D5AAD}"
EndProject
Project("{FAE04EC0-301F-11D3-BF4B-00C04F79EFBC}") = "Course01Tests", "Course01Tests\Course01Tests.csproj", "{6BC2D40D-4832-474C-895E-71835EB1258A}"
EndProject
Project("{FAE04EC0-301F-11D3-BF4B-00C04F79EFBC}") = "Course02", "Course02\Course02.csproj", "{0FBE954C-341C-4216-9349-745192FA4863}"
EndProject
Project("{FAE04EC0-301F-11D3-BF4B-00C04F79EFBC}") = "Course02Tests", "Course02Tests\Course02Tests.csproj", "{AD482236-3820-4E2D-91C6-84E7AAD60DA9}"
EndProject
Project("{FAE04EC0-301F-11D3-BF4B-00C04F79EFBC}") = "Course03", "Course03\Course03.csproj", "{66AEFD43-05DF-46F8-B42B-CD1B551FE17F}"
EndProject
Project("{FAE04EC0-301F-11D3-BF4B-00C04F79EFBC}") = "Course03Tests", "Course03Tests\Course03Tests.csproj", "{C85F4577-7075-4CED-A1E9-C8D9606BC0D0}"
EndProject
Global
	GlobalSection(SolutionConfigurationPlatforms) = preSolution
		Debug|Any CPU = Debug|Any CPU
		Release|Any CPU = Release|Any CPU
	EndGlobalSection
	GlobalSection(ProjectConfigurationPlatforms) = postSolution
		{9A6754E0-9211-4F16-952C-9A58A63D5AAD}.Debug|Any CPU.ActiveCfg = Debug|Any CPU
		{9A6754E0-9211-4F16-952C-9A58A63D5AAD}.Debug|Any CPU.Build.0 = Debug|Any CPU
		{9A6754E0-9211-4F16-952C-9A58A63D5AAD}.Release|Any CPU.ActiveCfg = Release|Any CPU
		{9A6754E0-9211-4F16-952C-9A58A63D5AAD}.Release|Any CPU.Build.0 = Release|Any CPU
		{6BC2D40D-4832-474C-895E-71835EB1258A}.Debug|Any CPU.ActiveCfg = Debug|Any CPU
		{6BC2D40D-4832-474C-895E-71835EB1258A}.Debug|Any CPU.Build.0 = Debug|Any CPU
		{6BC2D40D-4832-474C-895E-71835EB1258A}.Release|Any CPU.ActiveCfg = Release|Any CPU
		{6BC2D40D-4832-474C-895E-71835EB1258A}.Release|Any CPU.Build.0 = Release|Any CPU
		{0FBE954C-341C-4216-9349-745192FA4863}.Debug|Any CPU.ActiveCfg = Debug|Any CPU
		{0FBE954C-341C-4216-9349-745192FA4863}.Debug|Any CPU.Build.0 = Debug|Any CPU
		{0FBE954C-341C-4216-9349-745192FA4863}.Release|Any CPU.ActiveCfg = Release|Any CPU
		{0FBE954C-341C-4216-9349-745192FA4863}.Release|Any CPU.Build.0 = Release|Any CPU
		{AD482236-3820-4E2D-91C6-84E7AAD60DA9}.Debug|Any CPU.ActiveCfg = Debug|Any CPU
		{AD482236-3820-4E2D-91C6-84E7AAD60DA9}.Debug|Any CPU.Build.0 = Debug|Any CPU
		{AD482236-3820-4E2D-91C6-84E7AAD60DA9}.Release|Any CPU.ActiveCfg = Release|Any CPU
		{AD482236-3820-4E2D-91C6-84E7AAD60DA9}.Release|Any CPU.Build.0 = Release|Any CPU
		{66AEFD43-05DF-46F8-B42B-CD1B551FE17F}.Debug|Any CPU.ActiveCfg = Debug|Any CPU
		{66AEFD43-05DF-46F8-B42B-CD1B551FE17F}.Debug|Any CPU.Build.0 = Debug|Any CPU
		{66AEFD43-05DF-46F8-B42B-CD1B551FE17F}.Release|Any CPU.ActiveCfg = Release|Any CPU
		{66AEFD43-05DF-46F8-B42B-CD1B551FE17F}.Release|Any CPU.Build.0 = Release|Any CPU
		{C85F4577-7075-4CED-A1E9-C8D9606BC0D0}.Debug|Any CPU.ActiveCfg = Debug|Any CPU
		{C85F4577-7075-4CED-A1E9-C8D9606BC0D0}.Debug|Any CPU.Build.0 = Debug|Any CPU
		{C85F4577-7075-4CED-A1E9-C8D9606BC0D0}.Release|Any CPU.ActiveCfg = Release|Any CPU
		{C85F4577-7075-4CED-A1E9-C8D9606BC0D0}.Release|Any CPU.Build.0 = Release|Any CPU
	EndGlobalSection
EndGlobal
